
Microsoft Visual Studio Solution File, Format Version 10.00
# Visual Studio 2008
Project("{8BC9CEB8-8B4A-11D0-8D11-00A0C91BC942}") = "libSWObjects", "win\libSWObjects\libSWObjects.vcproj", "{BD2A49C4-3C2C-4988-90F9-7956E0CD51EA}"
EndProject
Project("{8BC9CEB8-8B4A-11D0-8D11-00A0C91BC942}") = "test_DAWG", "win\test_DAWG\test_DAWG.vcproj", "{A7163889-6F8D-4788-8DDA-39B6459C82CC}"
	ProjectSection(ProjectDependencies) = postProject
		{BD2A49C4-3C2C-4988-90F9-7956E0CD51EA} = {BD2A49C4-3C2C-4988-90F9-7956E0CD51EA}
	EndProjectSection
EndProject
Project("{8BC9CEB8-8B4A-11D0-8D11-00A0C91BC942}") = "test_QueryMap", "win\test_QueryMap\test_QueryMap.vcproj", "{56EF9C8B-007E-4CEE-AE32-6233A898491B}"
	ProjectSection(ProjectDependencies) = postProject
		{BD2A49C4-3C2C-4988-90F9-7956E0CD51EA} = {BD2A49C4-3C2C-4988-90F9-7956E0CD51EA}
	EndProjectSection
EndProject
Project("{8BC9CEB8-8B4A-11D0-8D11-00A0C91BC942}") = "test_RDFaParser", "win\test_RDFaParser\test_RDFaParser.vcproj", "{56EF9C8B-007E-4CEE-AE32-6233A8980001}"
	ProjectSection(ProjectDependencies) = postProject
		{BD2A49C4-3C2C-4988-90F9-7956E0CD51EA} = {BD2A49C4-3C2C-4988-90F9-7956E0CD51EA}
	EndProjectSection
EndProject
Project("{8BC9CEB8-8B4A-11D0-8D11-00A0C91BC942}") = "test_WEBagents", "win\test_WEBagents\test_WEBagents.vcproj", "{56EF9C8B-007E-4CEE-AE32-6233A8980002}"
	ProjectSection(ProjectDependencies) = postProject
		{BD2A49C4-3C2C-4988-90F9-7956E0CD51EA} = {BD2A49C4-3C2C-4988-90F9-7956E0CD51EA}
	EndProjectSection
EndProject
Project("{8BC9CEB8-8B4A-11D0-8D11-00A0C91BC942}") = "test_Algebra", "win\test_Algebra\test_Algebra.vcproj", "{56EF9C8B-007E-4CEE-AE32-6233A8980003}"
	ProjectSection(ProjectDependencies) = postProject
		{BD2A49C4-3C2C-4988-90F9-7956E0CD51EA} = {BD2A49C4-3C2C-4988-90F9-7956E0CD51EA}
	EndProjectSection
EndProject
Project("{8BC9CEB8-8B4A-11D0-8D11-00A0C91BC942}") = "test_SPARQLSerializer", "win\test_SPARQLSerializer\test_SPARQLSerializer.vcproj", "{56EF9C8B-007E-4CEE-AE32-6233A8980004}"
	ProjectSection(ProjectDependencies) = postProject
		{BD2A49C4-3C2C-4988-90F9-7956E0CD51EA} = {BD2A49C4-3C2C-4988-90F9-7956E0CD51EA}
	EndProjectSection
EndProject
Project("{8BC9CEB8-8B4A-11D0-8D11-00A0C91BC942}") = "test_RdfXmlParser", "win\test_RdfXmlParser\test_RdfXmlParser.vcproj", "{56EF9C8B-007E-4CEE-AE32-6233A8980005}"
	ProjectSection(ProjectDependencies) = postProject
		{BD2A49C4-3C2C-4988-90F9-7956E0CD51EA} = {BD2A49C4-3C2C-4988-90F9-7956E0CD51EA}
	EndProjectSection
EndProject
Project("{8BC9CEB8-8B4A-11D0-8D11-00A0C91BC942}") = "test_SPARQL11", "win\test_SPARQL11\test_SPARQL11.vcproj", "{56EF9C8B-007E-4CEE-AE32-6233A8980006}"
	ProjectSection(ProjectDependencies) = postProject
		{BD2A49C4-3C2C-4988-90F9-7956E0CD51EA} = {BD2A49C4-3C2C-4988-90F9-7956E0CD51EA}
	EndProjectSection
EndProject
Project("{8BC9CEB8-8B4A-11D0-8D11-00A0C91BC942}") = "test_GraphMatch", "win\test_GraphMatch\test_GraphMatch.vcproj", "{56EF9C8B-007E-4CEE-AE32-6233A8980007}"
	ProjectSection(ProjectDependencies) = postProject
		{BD2A49C4-3C2C-4988-90F9-7956E0CD51EA} = {BD2A49C4-3C2C-4988-90F9-7956E0CD51EA}
	EndProjectSection
EndProject
Project("{8BC9CEB8-8B4A-11D0-8D11-00A0C91BC942}") = "test_SPARUL", "win\test_SPARUL\test_SPARUL.vcproj", "{56EF9C8B-007E-4CEE-AE32-6233A8980008}"
	ProjectSection(ProjectDependencies) = postProject
		{BD2A49C4-3C2C-4988-90F9-7956E0CD51EA} = {BD2A49C4-3C2C-4988-90F9-7956E0CD51EA}
	EndProjectSection
EndProject
Project("{8BC9CEB8-8B4A-11D0-8D11-00A0C91BC942}") = "SPARQL", "win\SPARQL\SPARQL.vcproj", "{C129C540-4E6E-45AD-BE1D-96D7DA4317B6}"
	ProjectSection(ProjectDependencies) = postProject
		{BD2A49C4-3C2C-4988-90F9-7956E0CD51EA} = {BD2A49C4-3C2C-4988-90F9-7956E0CD51EA}
	EndProjectSection
EndProject
Project("{54435603-DBB4-11D2-8724-00A0C9A8B90C}") = "SPARQL_msi", "SPARQL_Msi\SPARQL_Msi.vdproj", "{08909057-98BD-4844-A38E-C2C66952F8A0}"
EndProject
Global
	GlobalSection(SolutionConfigurationPlatforms) = preSolution
		Debug|Win32 = Debug|Win32
		Release|Win32 = Release|Win32
	EndGlobalSection
	GlobalSection(ProjectConfigurationPlatforms) = postSolution
		{BD2A49C4-3C2C-4988-90F9-7956E0CD51EA}.Debug|Win32.ActiveCfg = Debug|Win32
		{BD2A49C4-3C2C-4988-90F9-7956E0CD51EA}.Debug|Win32.Build.0 = Debug|Win32
		{BD2A49C4-3C2C-4988-90F9-7956E0CD51EA}.Release|Win32.ActiveCfg = Release|Win32
		{BD2A49C4-3C2C-4988-90F9-7956E0CD51EA}.Release|Win32.Build.0 = Release|Win32
		{A7163889-6F8D-4788-8DDA-39B6459C82CC}.Debug|Win32.ActiveCfg = Debug|Win32
		{A7163889-6F8D-4788-8DDA-39B6459C82CC}.Debug|Win32.Build.0 = Debug|Win32
		{A7163889-6F8D-4788-8DDA-39B6459C82CC}.Release|Win32.ActiveCfg = Release|Win32
		{A7163889-6F8D-4788-8DDA-39B6459C82CC}.Release|Win32.Build.0 = Release|Win32
		{56EF9C8B-007E-4CEE-AE32-6233A898491B}.Debug|Win32.ActiveCfg = Debug|Win32
		{56EF9C8B-007E-4CEE-AE32-6233A898491B}.Debug|Win32.Build.0 = Debug|Win32
		{56EF9C8B-007E-4CEE-AE32-6233A898491B}.Release|Win32.ActiveCfg = Release|Win32
		{56EF9C8B-007E-4CEE-AE32-6233A898491B}.Release|Win32.Build.0 = Release|Win32
		{56EF9C8B-007E-4CEE-AE32-6233A8980001}.Debug|Win32.ActiveCfg = Debug|Win32
		{56EF9C8B-007E-4CEE-AE32-6233A8980001}.Debug|Win32.Build.0 = Debug|Win32
		{56EF9C8B-007E-4CEE-AE32-6233A8980001}.Release|Win32.ActiveCfg = Release|Win32
		{56EF9C8B-007E-4CEE-AE32-6233A8980001}.Release|Win32.Build.0 = Release|Win32
		{56EF9C8B-007E-4CEE-AE32-6233A8980002}.Debug|Win32.ActiveCfg = Debug|Win32
		{56EF9C8B-007E-4CEE-AE32-6233A8980002}.Debug|Win32.Build.0 = Debug|Win32
		{56EF9C8B-007E-4CEE-AE32-6233A8980002}.Release|Win32.ActiveCfg = Release|Win32
		{56EF9C8B-007E-4CEE-AE32-6233A8980002}.Release|Win32.Build.0 = Release|Win32
		{56EF9C8B-007E-4CEE-AE32-6233A8980003}.Debug|Win32.ActiveCfg = Debug|Win32
		{56EF9C8B-007E-4CEE-AE32-6233A8980003}.Debug|Win32.Build.0 = Debug|Win32
		{56EF9C8B-007E-4CEE-AE32-6233A8980003}.Release|Win32.ActiveCfg = Release|Win32
		{56EF9C8B-007E-4CEE-AE32-6233A8980003}.Release|Win32.Build.0 = Release|Win32
		{56EF9C8B-007E-4CEE-AE32-6233A8980004}.Debug|Win32.ActiveCfg = Debug|Win32
		{56EF9C8B-007E-4CEE-AE32-6233A8980004}.Debug|Win32.Build.0 = Debug|Win32
		{56EF9C8B-007E-4CEE-AE32-6233A8980004}.Release|Win32.ActiveCfg = Release|Win32
		{56EF9C8B-007E-4CEE-AE32-6233A8980004}.Release|Win32.Build.0 = Release|Win32
		{56EF9C8B-007E-4CEE-AE32-6233A8980005}.Debug|Win32.ActiveCfg = Debug|Win32
		{56EF9C8B-007E-4CEE-AE32-6233A8980005}.Debug|Win32.Build.0 = Debug|Win32
		{56EF9C8B-007E-4CEE-AE32-6233A8980005}.Release|Win32.ActiveCfg = Release|Win32
		{56EF9C8B-007E-4CEE-AE32-6233A8980005}.Release|Win32.Build.0 = Release|Win32
		{56EF9C8B-007E-4CEE-AE32-6233A8980006}.Debug|Win32.ActiveCfg = Debug|Win32
		{56EF9C8B-007E-4CEE-AE32-6233A8980006}.Debug|Win32.Build.0 = Debug|Win32
		{56EF9C8B-007E-4CEE-AE32-6233A8980006}.Release|Win32.ActiveCfg = Release|Win32
		{56EF9C8B-007E-4CEE-AE32-6233A8980006}.Release|Win32.Build.0 = Release|Win32
		{56EF9C8B-007E-4CEE-AE32-6233A8980007}.Debug|Win32.ActiveCfg = Debug|Win32
		{56EF9C8B-007E-4CEE-AE32-6233A8980007}.Debug|Win32.Build.0 = Debug|Win32
		{56EF9C8B-007E-4CEE-AE32-6233A8980007}.Release|Win32.ActiveCfg = Release|Win32
		{56EF9C8B-007E-4CEE-AE32-6233A8980007}.Release|Win32.Build.0 = Release|Win32
		{56EF9C8B-007E-4CEE-AE32-6233A8980008}.Debug|Win32.ActiveCfg = Debug|Win32
		{56EF9C8B-007E-4CEE-AE32-6233A8980008}.Debug|Win32.Build.0 = Debug|Win32
		{56EF9C8B-007E-4CEE-AE32-6233A8980008}.Release|Win32.ActiveCfg = Release|Win32
		{56EF9C8B-007E-4CEE-AE32-6233A8980008}.Release|Win32.Build.0 = Release|Win32
		{C129C540-4E6E-45AD-BE1D-96D7DA4317B6}.Debug|Win32.ActiveCfg = Debug|Win32
		{C129C540-4E6E-45AD-BE1D-96D7DA4317B6}.Debug|Win32.Build.0 = Debug|Win32
		{C129C540-4E6E-45AD-BE1D-96D7DA4317B6}.Release|Win32.ActiveCfg = Release|Win32
		{C129C540-4E6E-45AD-BE1D-96D7DA4317B6}.Release|Win32.Build.0 = Release|Win32
		{08909057-98BD-4844-A38E-C2C66952F8A0}.Debug|Win32.ActiveCfg = Debug
		{08909057-98BD-4844-A38E-C2C66952F8A0}.Release|Win32.ActiveCfg = Release
	EndGlobalSection
	GlobalSection(SolutionProperties) = preSolution
		HideSolutionNode = FALSE
	EndGlobalSection
EndGlobal
