
Microsoft Visual Studio Solution File, Format Version 9.00
# Visual Studio 2005
Project("{8BC9CEB8-8B4A-11D0-8D11-00A0C91BC942}") = "SWObjects", "SWObjects.vcproj", "{56A476C0-AA57-412D-A0DE-8D4C544F5676}"
EndProject
Project("{8BC9CEB8-8B4A-11D0-8D11-00A0C91BC942}") = "SPARQL_server", "SPARQL_server.vcproj", "{18D11BB1-A7C8-4A22-BCC2-7606E0F5D436}"
EndProject
Global
	GlobalSection(SolutionConfigurationPlatforms) = preSolution
		Debug|Win32 = Debug|Win32
		Release|Win32 = Release|Win32
	EndGlobalSection
	GlobalSection(ProjectConfigurationPlatforms) = postSolution
		{56A476C0-AA57-412D-A0DE-8D4C544F5676}.Debug|Win32.ActiveCfg = Debug|Win32
		{56A476C0-AA57-412D-A0DE-8D4C544F5676}.Debug|Win32.Build.0 = Debug|Win32
		{56A476C0-AA57-412D-A0DE-8D4C544F5676}.Release|Win32.ActiveCfg = Release|Win32
		{56A476C0-AA57-412D-A0DE-8D4C544F5676}.Release|Win32.Build.0 = Release|Win32
		{18D11BB1-A7C8-4A22-BCC2-7606E0F5D436}.Debug|Win32.ActiveCfg = Debug|Win32
		{18D11BB1-A7C8-4A22-BCC2-7606E0F5D436}.Debug|Win32.Build.0 = Debug|Win32
		{18D11BB1-A7C8-4A22-BCC2-7606E0F5D436}.Release|Win32.ActiveCfg = Release|Win32
		{18D11BB1-A7C8-4A22-BCC2-7606E0F5D436}.Release|Win32.Build.0 = Release|Win32
	EndGlobalSection
	GlobalSection(SolutionProperties) = preSolution
		HideSolutionNode = FALSE
	EndGlobalSection
EndGlobal
